
Microsoft Visual Studio Solution File, Format Version 12.00
# Visual Studio Version 17
VisualStudioVersion = 17.10.34928.147
MinimumVisualStudioVersion = 10.0.40219.1
Project("{FAE04EC0-301F-11D3-BF4B-00C04F79EFBC}") = "CustomMath", "CustomMath\CustomMath.csproj", "{8BF56BCA-A73A-4FBC-BC0A-6B34D552312A}"
EndProject
Global
	GlobalSection(SolutionConfigurationPlatforms) = preSolution
		Debug|Any CPU = Debug|Any CPU
		Release|Any CPU = Release|Any CPU
	EndGlobalSection
	GlobalSection(ProjectConfigurationPlatforms) = postSolution
		{8BF56BCA-A73A-4FBC-BC0A-6B34D552312A}.Debug|Any CPU.ActiveCfg = Debug|Any CPU
		{8BF56BCA-A73A-4FBC-BC0A-6B34D552312A}.Debug|Any CPU.Build.0 = Debug|Any CPU
		{8BF56BCA-A73A-4FBC-BC0A-6B34D552312A}.Release|Any CPU.ActiveCfg = Release|Any CPU
		{8BF56BCA-A73A-4FBC-BC0A-6B34D552312A}.Release|Any CPU.Build.0 = Release|Any CPU
	EndGlobalSection
	GlobalSection(SolutionProperties) = preSolution
		HideSolutionNode = FALSE
	EndGlobalSection
	GlobalSection(ExtensibilityGlobals) = postSolution
		SolutionGuid = {17E1A4F6-584F-4DA1-AFC7-96C74DC6C9D0}
	EndGlobalSection
EndGlobal
