
Microsoft Visual Studio Solution File, Format Version 12.00
# Visual Studio Version 17
VisualStudioVersion = 17.10.34928.147
MinimumVisualStudioVersion = 10.0.40219.1
Project("{FAE04EC0-301F-11D3-BF4B-00C04F79EFBC}") = "ArithmeticOperation", "ArithmeticOperation\ArithmeticOperation.csproj", "{B0C7B5C1-33C1-434A-A0CD-F12D369EC9E6}"
EndProject
Project("{FAE04EC0-301F-11D3-BF4B-00C04F79EFBC}") = "UnitTestProjectNunit", "UnitTestProjectNunit\UnitTestProjectNunit.csproj", "{2A425BF7-8264-4AAE-8A3B-F5A89BD0B65C}"
EndProject
Global
	GlobalSection(SolutionConfigurationPlatforms) = preSolution
		Debug|Any CPU = Debug|Any CPU
		Release|Any CPU = Release|Any CPU
	EndGlobalSection
	GlobalSection(ProjectConfigurationPlatforms) = postSolution
		{B0C7B5C1-33C1-434A-A0CD-F12D369EC9E6}.Debug|Any CPU.ActiveCfg = Debug|Any CPU
		{B0C7B5C1-33C1-434A-A0CD-F12D369EC9E6}.Debug|Any CPU.Build.0 = Debug|Any CPU
		{B0C7B5C1-33C1-434A-A0CD-F12D369EC9E6}.Release|Any CPU.ActiveCfg = Release|Any CPU
		{B0C7B5C1-33C1-434A-A0CD-F12D369EC9E6}.Release|Any CPU.Build.0 = Release|Any CPU
		{2A425BF7-8264-4AAE-8A3B-F5A89BD0B65C}.Debug|Any CPU.ActiveCfg = Debug|Any CPU
		{2A425BF7-8264-4AAE-8A3B-F5A89BD0B65C}.Debug|Any CPU.Build.0 = Debug|Any CPU
		{2A425BF7-8264-4AAE-8A3B-F5A89BD0B65C}.Release|Any CPU.ActiveCfg = Release|Any CPU
		{2A425BF7-8264-4AAE-8A3B-F5A89BD0B65C}.Release|Any CPU.Build.0 = Release|Any CPU
	EndGlobalSection
	GlobalSection(SolutionProperties) = preSolution
		HideSolutionNode = FALSE
	EndGlobalSection
	GlobalSection(ExtensibilityGlobals) = postSolution
		SolutionGuid = {4CD6874F-43A1-4050-8F8B-DB0A7DBF633E}
	EndGlobalSection
EndGlobal
