
Microsoft Visual Studio Solution File, Format Version 12.00
# Visual Studio Version 17
VisualStudioVersion = 17.10.34928.147
MinimumVisualStudioVersion = 10.0.40219.1
Project("{FAE04EC0-301F-11D3-BF4B-00C04F79EFBC}") = "ConsoleApp5", "ConsoleApp5\ConsoleApp5.csproj", "{CFCF2BF4-0752-489D-99B1-360CC2CE262B}"
EndProject
Global
	GlobalSection(SolutionConfigurationPlatforms) = preSolution
		Debug|Any CPU = Debug|Any CPU
		Release|Any CPU = Release|Any CPU
	EndGlobalSection
	GlobalSection(ProjectConfigurationPlatforms) = postSolution
		{CFCF2BF4-0752-489D-99B1-360CC2CE262B}.Debug|Any CPU.ActiveCfg = Debug|Any CPU
		{CFCF2BF4-0752-489D-99B1-360CC2CE262B}.Debug|Any CPU.Build.0 = Debug|Any CPU
		{CFCF2BF4-0752-489D-99B1-360CC2CE262B}.Release|Any CPU.ActiveCfg = Release|Any CPU
		{CFCF2BF4-0752-489D-99B1-360CC2CE262B}.Release|Any CPU.Build.0 = Release|Any CPU
	EndGlobalSection
	GlobalSection(SolutionProperties) = preSolution
		HideSolutionNode = FALSE
	EndGlobalSection
	GlobalSection(ExtensibilityGlobals) = postSolution
		SolutionGuid = {A53B5987-E6EC-43BA-9BCE-C00756E28CCC}
	EndGlobalSection
EndGlobal
